
Microsoft Visual Studio Solution File, Format Version 12.00
# Visual Studio Express 2013 for Windows Desktop
VisualStudioVersion = 12.0.30723.0
MinimumVisualStudioVersion = 10.0.40219.1
Project("{FAE04EC0-301F-11D3-BF4B-00C04F79EFBC}") = "RabbitMQ.Receive", "RabbitMQ.Receive\RabbitMQ.Receive.csproj", "{B0747E86-A1B4-44DC-9960-F3666462C291}"
EndProject
Project("{2150E333-8FDC-42A3-9474-1A3956D46DE8}") = "4.Routing", "4.Routing", "{C64B2493-56D9-446A-A6DD-6FCBE35E81A9}"
EndProject
Project("{FAE04EC0-301F-11D3-BF4B-00C04F79EFBC}") = "RabbitMQ.Worker", "RabbitMQ.Worker\RabbitMQ.Worker.csproj", "{C19E21B3-6F26-4174-9035-BB31EC1029C5}"
EndProject
Project("{2150E333-8FDC-42A3-9474-1A3956D46DE8}") = "3.PubSub", "3.PubSub", "{C9C2B55F-9E57-4E68-864A-48105C834C98}"
EndProject
Project("{FAE04EC0-301F-11D3-BF4B-00C04F79EFBC}") = "RabbitMQ.Send", "RabbitMQ.Send\RabbitMQ.Send.csproj", "{3FE3672E-BAE6-40EB-A164-8FB25376AFD6}"
EndProject
Project("{FAE04EC0-301F-11D3-BF4B-00C04F79EFBC}") = "RabbitMQ.NewTask", "RabbitMQ.NewTask\RabbitMQ.NewTask.csproj", "{8153836E-8CD3-4E36-82F6-91C3FE9B0145}"
EndProject
Project("{2150E333-8FDC-42A3-9474-1A3956D46DE8}") = "1.HelloWorld", "1.HelloWorld", "{7B6F5AC9-7D31-451B-B1CF-5DA1BD12878A}"
EndProject
Project("{2150E333-8FDC-42A3-9474-1A3956D46DE8}") = "2.WorkQueue", "2.WorkQueue", "{0AE841D9-39A4-4219-AEF0-CD0CD56CBAEE}"
EndProject
Project("{FAE04EC0-301F-11D3-BF4B-00C04F79EFBC}") = "RabbitMQ.EmitLog", "EmitLog\RabbitMQ.EmitLog.csproj", "{2B274135-D050-492C-8631-E18C0A2380E6}"
EndProject
Project("{FAE04EC0-301F-11D3-BF4B-00C04F79EFBC}") = "RabbitMQ.ReceiveLog", "ReceiveLog\RabbitMQ.ReceiveLog.csproj", "{9B32B38B-EA8E-460A-ACC8-834F6AC5691B}"
EndProject
Project("{2150E333-8FDC-42A3-9474-1A3956D46DE8}") = "5.Topics", "5.Topics", "{AA55B6D2-2886-4928-956D-3D79804E6862}"
EndProject
Project("{FAE04EC0-301F-11D3-BF4B-00C04F79EFBC}") = "RabbitMQ.EmitLogDirect", "RabbitMQ.EmitLogDirect\RabbitMQ.EmitLogDirect.csproj", "{7DE3E981-AF3E-4F1A-8A6E-2AF771CC7E0C}"
EndProject
Project("{FAE04EC0-301F-11D3-BF4B-00C04F79EFBC}") = "RabbitMQ.ReceiveLogsDirect", "RabbitMQ.ReceiveLogsDirect\RabbitMQ.ReceiveLogsDirect.csproj", "{1942DFC5-887B-4313-91CB-7595FEF7483A}"
EndProject
Global
	GlobalSection(SolutionConfigurationPlatforms) = preSolution
		Debug|Any CPU = Debug|Any CPU
		Release|Any CPU = Release|Any CPU
	EndGlobalSection
	GlobalSection(ProjectConfigurationPlatforms) = postSolution
		{B0747E86-A1B4-44DC-9960-F3666462C291}.Debug|Any CPU.ActiveCfg = Debug|Any CPU
		{B0747E86-A1B4-44DC-9960-F3666462C291}.Debug|Any CPU.Build.0 = Debug|Any CPU
		{B0747E86-A1B4-44DC-9960-F3666462C291}.Release|Any CPU.ActiveCfg = Release|Any CPU
		{B0747E86-A1B4-44DC-9960-F3666462C291}.Release|Any CPU.Build.0 = Release|Any CPU
		{C19E21B3-6F26-4174-9035-BB31EC1029C5}.Debug|Any CPU.ActiveCfg = Debug|Any CPU
		{C19E21B3-6F26-4174-9035-BB31EC1029C5}.Debug|Any CPU.Build.0 = Debug|Any CPU
		{C19E21B3-6F26-4174-9035-BB31EC1029C5}.Release|Any CPU.ActiveCfg = Release|Any CPU
		{C19E21B3-6F26-4174-9035-BB31EC1029C5}.Release|Any CPU.Build.0 = Release|Any CPU
		{3FE3672E-BAE6-40EB-A164-8FB25376AFD6}.Debug|Any CPU.ActiveCfg = Debug|Any CPU
		{3FE3672E-BAE6-40EB-A164-8FB25376AFD6}.Debug|Any CPU.Build.0 = Debug|Any CPU
		{3FE3672E-BAE6-40EB-A164-8FB25376AFD6}.Release|Any CPU.ActiveCfg = Release|Any CPU
		{3FE3672E-BAE6-40EB-A164-8FB25376AFD6}.Release|Any CPU.Build.0 = Release|Any CPU
		{8153836E-8CD3-4E36-82F6-91C3FE9B0145}.Debug|Any CPU.ActiveCfg = Debug|Any CPU
		{8153836E-8CD3-4E36-82F6-91C3FE9B0145}.Debug|Any CPU.Build.0 = Debug|Any CPU
		{8153836E-8CD3-4E36-82F6-91C3FE9B0145}.Release|Any CPU.ActiveCfg = Release|Any CPU
		{8153836E-8CD3-4E36-82F6-91C3FE9B0145}.Release|Any CPU.Build.0 = Release|Any CPU
		{2B274135-D050-492C-8631-E18C0A2380E6}.Debug|Any CPU.ActiveCfg = Debug|Any CPU
		{2B274135-D050-492C-8631-E18C0A2380E6}.Debug|Any CPU.Build.0 = Debug|Any CPU
		{2B274135-D050-492C-8631-E18C0A2380E6}.Release|Any CPU.ActiveCfg = Release|Any CPU
		{2B274135-D050-492C-8631-E18C0A2380E6}.Release|Any CPU.Build.0 = Release|Any CPU
		{9B32B38B-EA8E-460A-ACC8-834F6AC5691B}.Debug|Any CPU.ActiveCfg = Debug|Any CPU
		{9B32B38B-EA8E-460A-ACC8-834F6AC5691B}.Debug|Any CPU.Build.0 = Debug|Any CPU
		{9B32B38B-EA8E-460A-ACC8-834F6AC5691B}.Release|Any CPU.ActiveCfg = Release|Any CPU
		{9B32B38B-EA8E-460A-ACC8-834F6AC5691B}.Release|Any CPU.Build.0 = Release|Any CPU
		{7DE3E981-AF3E-4F1A-8A6E-2AF771CC7E0C}.Debug|Any CPU.ActiveCfg = Debug|Any CPU
		{7DE3E981-AF3E-4F1A-8A6E-2AF771CC7E0C}.Debug|Any CPU.Build.0 = Debug|Any CPU
		{7DE3E981-AF3E-4F1A-8A6E-2AF771CC7E0C}.Release|Any CPU.ActiveCfg = Release|Any CPU
		{7DE3E981-AF3E-4F1A-8A6E-2AF771CC7E0C}.Release|Any CPU.Build.0 = Release|Any CPU
		{1942DFC5-887B-4313-91CB-7595FEF7483A}.Debug|Any CPU.ActiveCfg = Debug|Any CPU
		{1942DFC5-887B-4313-91CB-7595FEF7483A}.Debug|Any CPU.Build.0 = Debug|Any CPU
		{1942DFC5-887B-4313-91CB-7595FEF7483A}.Release|Any CPU.ActiveCfg = Release|Any CPU
		{1942DFC5-887B-4313-91CB-7595FEF7483A}.Release|Any CPU.Build.0 = Release|Any CPU
	EndGlobalSection
	GlobalSection(SolutionProperties) = preSolution
		HideSolutionNode = FALSE
	EndGlobalSection
	GlobalSection(NestedProjects) = preSolution
		{B0747E86-A1B4-44DC-9960-F3666462C291} = {7B6F5AC9-7D31-451B-B1CF-5DA1BD12878A}
		{C19E21B3-6F26-4174-9035-BB31EC1029C5} = {0AE841D9-39A4-4219-AEF0-CD0CD56CBAEE}
		{3FE3672E-BAE6-40EB-A164-8FB25376AFD6} = {7B6F5AC9-7D31-451B-B1CF-5DA1BD12878A}
		{8153836E-8CD3-4E36-82F6-91C3FE9B0145} = {0AE841D9-39A4-4219-AEF0-CD0CD56CBAEE}
		{2B274135-D050-492C-8631-E18C0A2380E6} = {C9C2B55F-9E57-4E68-864A-48105C834C98}
		{9B32B38B-EA8E-460A-ACC8-834F6AC5691B} = {C9C2B55F-9E57-4E68-864A-48105C834C98}
		{7DE3E981-AF3E-4F1A-8A6E-2AF771CC7E0C} = {C64B2493-56D9-446A-A6DD-6FCBE35E81A9}
		{1942DFC5-887B-4313-91CB-7595FEF7483A} = {C64B2493-56D9-446A-A6DD-6FCBE35E81A9}
	EndGlobalSection
EndGlobal
